// !$*UTF8*$!
{
	archiveVersion = 1;
	classes = {
	};
	objectVersion = 55;
	objects = {

/* Begin PBXBuildFile section */
		92C4D26727D6927100DE9D5A /* DCEU_Movies.json in Resources */ = {isa = PBXBuildFile; fileRef = 92C4D26527D6927100DE9D5A /* DCEU_Movies.json */; };
		92C4D26A27D6928300DE9D5A /* DCEU_Movie.swift in Sources */ = {isa = PBXBuildFile; fileRef = 92C4D26927D6928300DE9D5A /* DCEU_Movie.swift */; };
		92C4D26C27D692B500DE9D5A /* ModelData.swift in Sources */ = {isa = PBXBuildFile; fileRef = 92C4D26B27D692B500DE9D5A /* ModelData.swift */; };
		92C4D26F27D772FF00DE9D5A /* QueryService.swift in Sources */ = {isa = PBXBuildFile; fileRef = 92C4D26E27D772FF00DE9D5A /* QueryService.swift */; };
		92C4D27427D7736F00DE9D5A /* Movie.swift in Sources */ = {isa = PBXBuildFile; fileRef = 92C4D27127D7736F00DE9D5A /* Movie.swift */; };
		92C4D27527D7736F00DE9D5A /* Genre.swift in Sources */ = {isa = PBXBuildFile; fileRef = 92C4D27227D7736F00DE9D5A /* Genre.swift */; };
		92C4D27627D7736F00DE9D5A /* ListedMovie.swift in Sources */ = {isa = PBXBuildFile; fileRef = 92C4D27327D7736F00DE9D5A /* ListedMovie.swift */; };
		92C4D27927D7BB2E00DE9D5A /* ImageHelpers.swift in Sources */ = {isa = PBXBuildFile; fileRef = 92C4D27827D7BB2E00DE9D5A /* ImageHelpers.swift */; };
		92DDFBB227DA6C110043057C /* MainCoordinator.swift in Sources */ = {isa = PBXBuildFile; fileRef = 92DDFBB127DA6C110043057C /* MainCoordinator.swift */; };
		92DDFBB427DA6C410043057C /* Coordinator.swift in Sources */ = {isa = PBXBuildFile; fileRef = 92DDFBB327DA6C410043057C /* Coordinator.swift */; };
		92DDFBB627DA6D000043057C /* Storyboarded.swift in Sources */ = {isa = PBXBuildFile; fileRef = 92DDFBB527DA6D000043057C /* Storyboarded.swift */; };
		CD67950227D282AD003B5C61 /* AppDelegate.swift in Sources */ = {isa = PBXBuildFile; fileRef = CD67950127D282AD003B5C61 /* AppDelegate.swift */; };
		CD67950427D282AD003B5C61 /* SceneDelegate.swift in Sources */ = {isa = PBXBuildFile; fileRef = CD67950327D282AD003B5C61 /* SceneDelegate.swift */; };
		CD67950627D282AD003B5C61 /* ViewController.swift in Sources */ = {isa = PBXBuildFile; fileRef = CD67950527D282AD003B5C61 /* ViewController.swift */; };
		CD67950927D282AD003B5C61 /* Main.storyboard in Resources */ = {isa = PBXBuildFile; fileRef = CD67950727D282AD003B5C61 /* Main.storyboard */; };
		CD67950B27D282AF003B5C61 /* Assets.xcassets in Resources */ = {isa = PBXBuildFile; fileRef = CD67950A27D282AF003B5C61 /* Assets.xcassets */; };
		CD67950E27D282AF003B5C61 /* LaunchScreen.storyboard in Resources */ = {isa = PBXBuildFile; fileRef = CD67950C27D282AF003B5C61 /* LaunchScreen.storyboard */; };
		CD67951727D290EF003B5C61 /* TableViewCell.swift in Sources */ = {isa = PBXBuildFile; fileRef = CD67951527D290EF003B5C61 /* TableViewCell.swift */; };
		CD67951827D290EF003B5C61 /* TableViewCell.xib in Resources */ = {isa = PBXBuildFile; fileRef = CD67951627D290EF003B5C61 /* TableViewCell.xib */; };
		CD67951F27D2A122003B5C61 /* TableViewCellTitleDetails.swift in Sources */ = {isa = PBXBuildFile; fileRef = CD67951D27D2A122003B5C61 /* TableViewCellTitleDetails.swift */; };
		CD67952027D2A122003B5C61 /* TableViewCellTitleDetails.xib in Resources */ = {isa = PBXBuildFile; fileRef = CD67951E27D2A122003B5C61 /* TableViewCellTitleDetails.xib */; };
		CD67952327D2A150003B5C61 /* TableViewCellDescriptionDetails.swift in Sources */ = {isa = PBXBuildFile; fileRef = CD67952127D2A150003B5C61 /* TableViewCellDescriptionDetails.swift */; };
		CD67952427D2A150003B5C61 /* TableViewCellDescriptionDetails.xib in Resources */ = {isa = PBXBuildFile; fileRef = CD67952227D2A150003B5C61 /* TableViewCellDescriptionDetails.xib */; };
		CD67952627D2AAFB003B5C61 /* DetailsViewController.swift in Sources */ = {isa = PBXBuildFile; fileRef = CD67952527D2AAFB003B5C61 /* DetailsViewController.swift */; };
/* End PBXBuildFile section */

/* Begin PBXFileReference section */
		92C4D26527D6927100DE9D5A /* DCEU_Movies.json */ = {isa = PBXFileReference; fileEncoding = 4; lastKnownFileType = text.json; path = DCEU_Movies.json; sourceTree = "<group>"; };
		92C4D26927D6928300DE9D5A /* DCEU_Movie.swift */ = {isa = PBXFileReference; fileEncoding = 4; lastKnownFileType = sourcecode.swift; path = DCEU_Movie.swift; sourceTree = "<group>"; };
		92C4D26B27D692B500DE9D5A /* ModelData.swift */ = {isa = PBXFileReference; fileEncoding = 4; lastKnownFileType = sourcecode.swift; path = ModelData.swift; sourceTree = "<group>"; };
		92C4D26E27D772FF00DE9D5A /* QueryService.swift */ = {isa = PBXFileReference; fileEncoding = 4; lastKnownFileType = sourcecode.swift; path = QueryService.swift; sourceTree = "<group>"; };
		92C4D27127D7736F00DE9D5A /* Movie.swift */ = {isa = PBXFileReference; fileEncoding = 4; lastKnownFileType = sourcecode.swift; path = Movie.swift; sourceTree = "<group>"; };
		92C4D27227D7736F00DE9D5A /* Genre.swift */ = {isa = PBXFileReference; fileEncoding = 4; lastKnownFileType = sourcecode.swift; path = Genre.swift; sourceTree = "<group>"; };
		92C4D27327D7736F00DE9D5A /* ListedMovie.swift */ = {isa = PBXFileReference; fileEncoding = 4; lastKnownFileType = sourcecode.swift; path = ListedMovie.swift; sourceTree = "<group>"; };
		92C4D27827D7BB2E00DE9D5A /* ImageHelpers.swift */ = {isa = PBXFileReference; fileEncoding = 4; lastKnownFileType = sourcecode.swift; path = ImageHelpers.swift; sourceTree = "<group>"; };
		92DDFBB127DA6C110043057C /* MainCoordinator.swift */ = {isa = PBXFileReference; lastKnownFileType = sourcecode.swift; path = MainCoordinator.swift; sourceTree = "<group>"; };
		92DDFBB327DA6C410043057C /* Coordinator.swift */ = {isa = PBXFileReference; lastKnownFileType = sourcecode.swift; path = Coordinator.swift; sourceTree = "<group>"; };
		92DDFBB527DA6D000043057C /* Storyboarded.swift */ = {isa = PBXFileReference; lastKnownFileType = sourcecode.swift; path = Storyboarded.swift; sourceTree = "<group>"; };
		CD6794FE27D282AD003B5C61 /* MVC-Coordinator.app */ = {isa = PBXFileReference; explicitFileType = wrapper.application; includeInIndex = 0; path = "MVC-Coordinator.app"; sourceTree = BUILT_PRODUCTS_DIR; };
		CD67950127D282AD003B5C61 /* AppDelegate.swift */ = {isa = PBXFileReference; lastKnownFileType = sourcecode.swift; path = AppDelegate.swift; sourceTree = "<group>"; };
		CD67950327D282AD003B5C61 /* SceneDelegate.swift */ = {isa = PBXFileReference; lastKnownFileType = sourcecode.swift; path = SceneDelegate.swift; sourceTree = "<group>"; };
		CD67950527D282AD003B5C61 /* ViewController.swift */ = {isa = PBXFileReference; lastKnownFileType = sourcecode.swift; path = ViewController.swift; sourceTree = "<group>"; };
		CD67950827D282AD003B5C61 /* Base */ = {isa = PBXFileReference; lastKnownFileType = file.storyboard; name = Base; path = Base.lproj/Main.storyboard; sourceTree = "<group>"; };
		CD67950A27D282AF003B5C61 /* Assets.xcassets */ = {isa = PBXFileReference; lastKnownFileType = folder.assetcatalog; path = Assets.xcassets; sourceTree = "<group>"; };
		CD67950D27D282AF003B5C61 /* Base */ = {isa = PBXFileReference; lastKnownFileType = file.storyboard; name = Base; path = Base.lproj/LaunchScreen.storyboard; sourceTree = "<group>"; };
		CD67950F27D282AF003B5C61 /* Info.plist */ = {isa = PBXFileReference; lastKnownFileType = text.plist.xml; path = Info.plist; sourceTree = "<group>"; };
		CD67951527D290EF003B5C61 /* TableViewCell.swift */ = {isa = PBXFileReference; lastKnownFileType = sourcecode.swift; path = TableViewCell.swift; sourceTree = "<group>"; };
		CD67951627D290EF003B5C61 /* TableViewCell.xib */ = {isa = PBXFileReference; lastKnownFileType = file.xib; path = TableViewCell.xib; sourceTree = "<group>"; };
		CD67951D27D2A122003B5C61 /* TableViewCellTitleDetails.swift */ = {isa = PBXFileReference; lastKnownFileType = sourcecode.swift; path = TableViewCellTitleDetails.swift; sourceTree = "<group>"; };
		CD67951E27D2A122003B5C61 /* TableViewCellTitleDetails.xib */ = {isa = PBXFileReference; lastKnownFileType = file.xib; path = TableViewCellTitleDetails.xib; sourceTree = "<group>"; };
		CD67952127D2A150003B5C61 /* TableViewCellDescriptionDetails.swift */ = {isa = PBXFileReference; lastKnownFileType = sourcecode.swift; path = TableViewCellDescriptionDetails.swift; sourceTree = "<group>"; };
		CD67952227D2A150003B5C61 /* TableViewCellDescriptionDetails.xib */ = {isa = PBXFileReference; lastKnownFileType = file.xib; path = TableViewCellDescriptionDetails.xib; sourceTree = "<group>"; };
		CD67952527D2AAFB003B5C61 /* DetailsViewController.swift */ = {isa = PBXFileReference; lastKnownFileType = sourcecode.swift; path = DetailsViewController.swift; sourceTree = "<group>"; };
/* End PBXFileReference section */

/* Begin PBXFrameworksBuildPhase section */
		CD6794FB27D282AD003B5C61 /* Frameworks */ = {
			isa = PBXFrameworksBuildPhase;
			buildActionMask = 2147483647;
			files = (
			);
			runOnlyForDeploymentPostprocessing = 0;
		};
/* End PBXFrameworksBuildPhase section */

/* Begin PBXGroup section */
		92C4D26427D6924700DE9D5A /* Resources */ = {
			isa = PBXGroup;
			children = (
				92C4D26927D6928300DE9D5A /* DCEU_Movie.swift */,
				92C4D26B27D692B500DE9D5A /* ModelData.swift */,
				92C4D26527D6927100DE9D5A /* DCEU_Movies.json */,
			);
			path = Resources;
			sourceTree = "<group>";
		};
		92C4D26D27D772DF00DE9D5A /* Networking */ = {
			isa = PBXGroup;
			children = (
				92C4D26E27D772FF00DE9D5A /* QueryService.swift */,
			);
			path = Networking;
			sourceTree = "<group>";
		};
		92C4D27027D7736000DE9D5A /* Models */ = {
			isa = PBXGroup;
			children = (
				92C4D27327D7736F00DE9D5A /* ListedMovie.swift */,
				92C4D27127D7736F00DE9D5A /* Movie.swift */,
				92C4D27227D7736F00DE9D5A /* Genre.swift */,
			);
			path = Models;
			sourceTree = "<group>";
		};
		92C4D27727D7BB0A00DE9D5A /* Helpers */ = {
			isa = PBXGroup;
			children = (
				92C4D27827D7BB2E00DE9D5A /* ImageHelpers.swift */,
			);
			path = Helpers;
			sourceTree = "<group>";
		};
		92DDFBAF27DA6A680043057C /* MovieList */ = {
			isa = PBXGroup;
			children = (
				CD19DB8427D685E500487157 /* Views */,
				CD67950527D282AD003B5C61 /* ViewController.swift */,
			);
			path = MovieList;
			sourceTree = "<group>";
		};
		92DDFBB027DA6B260043057C /* Coordinators */ = {
			isa = PBXGroup;
			children = (
				92DDFBB327DA6C410043057C /* Coordinator.swift */,
				92DDFBB527DA6D000043057C /* Storyboarded.swift */,
				92DDFBB127DA6C110043057C /* MainCoordinator.swift */,
			);
			path = Coordinators;
			sourceTree = "<group>";
		};
		CD19DB8227D6833100487157 /* MovieDetails */ = {
			isa = PBXGroup;
			children = (
				CD19DB8527D685F100487157 /* Views */,
				CD67952527D2AAFB003B5C61 /* DetailsViewController.swift */,
			);
			path = MovieDetails;
			sourceTree = "<group>";
		};
		CD19DB8427D685E500487157 /* Views */ = {
			isa = PBXGroup;
			children = (
				CD67951527D290EF003B5C61 /* TableViewCell.swift */,
				CD67951627D290EF003B5C61 /* TableViewCell.xib */,
			);
			path = Views;
			sourceTree = "<group>";
		};
		CD19DB8527D685F100487157 /* Views */ = {
			isa = PBXGroup;
			children = (
				CD67951D27D2A122003B5C61 /* TableViewCellTitleDetails.swift */,
				CD67951E27D2A122003B5C61 /* TableViewCellTitleDetails.xib */,
				CD67952127D2A150003B5C61 /* TableViewCellDescriptionDetails.swift */,
				CD67952227D2A150003B5C61 /* TableViewCellDescriptionDetails.xib */,
			);
			path = Views;
			sourceTree = "<group>";
		};
		CD6794F527D282AD003B5C61 = {
			isa = PBXGroup;
			children = (
				92C4D27727D7BB0A00DE9D5A /* Helpers */,
				CD67950027D282AD003B5C61 /* MVC-Coordinator */,
				CD6794FF27D282AD003B5C61 /* Products */,
			);
			sourceTree = "<group>";
		};
		CD6794FF27D282AD003B5C61 /* Products */ = {
			isa = PBXGroup;
			children = (
				CD6794FE27D282AD003B5C61 /* MVC-Coordinator.app */,
			);
			name = Products;
			sourceTree = "<group>";
		};
		CD67950027D282AD003B5C61 /* MVC-Coordinator */ = {
			isa = PBXGroup;
			children = (
				92DDFBB027DA6B260043057C /* Coordinators */,
				92C4D27027D7736000DE9D5A /* Models */,
				92C4D26D27D772DF00DE9D5A /* Networking */,
				92C4D26427D6924700DE9D5A /* Resources */,
				92DDFBAF27DA6A680043057C /* MovieList */,
				CD19DB8227D6833100487157 /* MovieDetails */,
				CD67950127D282AD003B5C61 /* AppDelegate.swift */,
				CD67950327D282AD003B5C61 /* SceneDelegate.swift */,
				CD67950C27D282AF003B5C61 /* LaunchScreen.storyboard */,
				CD67950727D282AD003B5C61 /* Main.storyboard */,
				CD67950A27D282AF003B5C61 /* Assets.xcassets */,
				CD67950F27D282AF003B5C61 /* Info.plist */,
			);
			path = "MVC-Coordinator";
			sourceTree = "<group>";
		};
/* End PBXGroup section */

/* Begin PBXNativeTarget section */
		CD6794FD27D282AD003B5C61 /* MVC-Coordinator */ = {
			isa = PBXNativeTarget;
			buildConfigurationList = CD67951227D282AF003B5C61 /* Build configuration list for PBXNativeTarget "MVC-Coordinator" */;
			buildPhases = (
				CD6794FA27D282AD003B5C61 /* Sources */,
				CD6794FB27D282AD003B5C61 /* Frameworks */,
				CD6794FC27D282AD003B5C61 /* Resources */,
			);
			buildRules = (
			);
			dependencies = (
			);
			name = "MVC-Coordinator";
			productName = "MVC-Coordinator";
			productReference = CD6794FE27D282AD003B5C61 /* MVC-Coordinator.app */;
			productType = "com.apple.product-type.application";
		};
/* End PBXNativeTarget section */

/* Begin PBXProject section */
		CD6794F627D282AD003B5C61 /* Project object */ = {
			isa = PBXProject;
			attributes = {
				BuildIndependentTargetsInParallel = 1;
				LastSwiftUpdateCheck = 1320;
				LastUpgradeCheck = 1320;
				TargetAttributes = {
					CD6794FD27D282AD003B5C61 = {
						CreatedOnToolsVersion = 13.2.1;
					};
				};
			};
			buildConfigurationList = CD6794F927D282AD003B5C61 /* Build configuration list for PBXProject "MVC-Coordinator" */;
			compatibilityVersion = "Xcode 13.0";
			developmentRegion = en;
			hasScannedForEncodings = 0;
			knownRegions = (
				en,
				Base,
			);
			mainGroup = CD6794F527D282AD003B5C61;
			productRefGroup = CD6794FF27D282AD003B5C61 /* Products */;
			projectDirPath = "";
			projectRoot = "";
			targets = (
				CD6794FD27D282AD003B5C61 /* MVC-Coordinator */,
			);
		};
/* End PBXProject section */

/* Begin PBXResourcesBuildPhase section */
		CD6794FC27D282AD003B5C61 /* Resources */ = {
			isa = PBXResourcesBuildPhase;
			buildActionMask = 2147483647;
			files = (
				CD67950E27D282AF003B5C61 /* LaunchScreen.storyboard in Resources */,
				CD67952027D2A122003B5C61 /* TableViewCellTitleDetails.xib in Resources */,
				CD67951827D290EF003B5C61 /* TableViewCell.xib in Resources */,
				CD67950B27D282AF003B5C61 /* Assets.xcassets in Resources */,
				CD67950927D282AD003B5C61 /* Main.storyboard in Resources */,
				92C4D26727D6927100DE9D5A /* DCEU_Movies.json in Resources */,
				CD67952427D2A150003B5C61 /* TableViewCellDescriptionDetails.xib in Resources */,
			);
			runOnlyForDeploymentPostprocessing = 0;
		};
/* End PBXResourcesBuildPhase section */

/* Begin PBXSourcesBuildPhase section */
		CD6794FA27D282AD003B5C61 /* Sources */ = {
			isa = PBXSourcesBuildPhase;
			buildActionMask = 2147483647;
			files = (
				92DDFBB427DA6C410043057C /* Coordinator.swift in Sources */,
				CD67950627D282AD003B5C61 /* ViewController.swift in Sources */,
				CD67951727D290EF003B5C61 /* TableViewCell.swift in Sources */,
				92C4D26F27D772FF00DE9D5A /* QueryService.swift in Sources */,
				92C4D27527D7736F00DE9D5A /* Genre.swift in Sources */,
				CD67950227D282AD003B5C61 /* AppDelegate.swift in Sources */,
				CD67952327D2A150003B5C61 /* TableViewCellDescriptionDetails.swift in Sources */,
				CD67952627D2AAFB003B5C61 /* DetailsViewController.swift in Sources */,
				92DDFBB627DA6D000043057C /* Storyboarded.swift in Sources */,
				CD67951F27D2A122003B5C61 /* TableViewCellTitleDetails.swift in Sources */,
				92C4D26C27D692B500DE9D5A /* ModelData.swift in Sources */,
				92C4D27927D7BB2E00DE9D5A /* ImageHelpers.swift in Sources */,
				92C4D26A27D6928300DE9D5A /* DCEU_Movie.swift in Sources */,
				92C4D27427D7736F00DE9D5A /* Movie.swift in Sources */,
				CD67950427D282AD003B5C61 /* SceneDelegate.swift in Sources */,
				92DDFBB227DA6C110043057C /* MainCoordinator.swift in Sources */,
				92C4D27627D7736F00DE9D5A /* ListedMovie.swift in Sources */,
			);
			runOnlyForDeploymentPostprocessing = 0;
		};
/* End PBXSourcesBuildPhase section */

/* Begin PBXVariantGroup section */
		CD67950727D282AD003B5C61 /* Main.storyboard */ = {
			isa = PBXVariantGroup;
			children = (
				CD67950827D282AD003B5C61 /* Base */,
			);
			name = Main.storyboard;
			sourceTree = "<group>";
		};
		CD67950C27D282AF003B5C61 /* LaunchScreen.storyboard */ = {
			isa = PBXVariantGroup;
			children = (
				CD67950D27D282AF003B5C61 /* Base */,
			);
			name = LaunchScreen.storyboard;
			sourceTree = "<group>";
		};
/* End PBXVariantGroup section */

/* Begin XCBuildConfiguration section */
		CD67951027D282AF003B5C61 /* Debug */ = {
			isa = XCBuildConfiguration;
			buildSettings = {
				ALWAYS_SEARCH_USER_PATHS = NO;
				CLANG_ANALYZER_NONNULL = YES;
				CLANG_ANALYZER_NUMBER_OBJECT_CONVERSION = YES_AGGRESSIVE;
				CLANG_CXX_LANGUAGE_STANDARD = "gnu++17";
				CLANG_CXX_LIBRARY = "libc++";
				CLANG_ENABLE_MODULES = YES;
				CLANG_ENABLE_OBJC_ARC = YES;
				CLANG_ENABLE_OBJC_WEAK = YES;
				CLANG_WARN_BLOCK_CAPTURE_AUTORELEASING = YES;
				CLANG_WARN_BOOL_CONVERSION = YES;
				CLANG_WARN_COMMA = YES;
				CLANG_WARN_CONSTANT_CONVERSION = YES;
				CLANG_WARN_DEPRECATED_OBJC_IMPLEMENTATIONS = YES;
				CLANG_WARN_DIRECT_OBJC_ISA_USAGE = YES_ERROR;
				CLANG_WARN_DOCUMENTATION_COMMENTS = YES;
				CLANG_WARN_EMPTY_BODY = YES;
				CLANG_WARN_ENUM_CONVERSION = YES;
				CLANG_WARN_INFINITE_RECURSION = YES;
				CLANG_WARN_INT_CONVERSION = YES;
				CLANG_WARN_NON_LITERAL_NULL_CONVERSION = YES;
				CLANG_WARN_OBJC_IMPLICIT_RETAIN_SELF = YES;
				CLANG_WARN_OBJC_LITERAL_CONVERSION = YES;
				CLANG_WARN_OBJC_ROOT_CLASS = YES_ERROR;
				CLANG_WARN_QUOTED_INCLUDE_IN_FRAMEWORK_HEADER = YES;
				CLANG_WARN_RANGE_LOOP_ANALYSIS = YES;
				CLANG_WARN_STRICT_PROTOTYPES = YES;
				CLANG_WARN_SUSPICIOUS_MOVE = YES;
				CLANG_WARN_UNGUARDED_AVAILABILITY = YES_AGGRESSIVE;
				CLANG_WARN_UNREACHABLE_CODE = YES;
				CLANG_WARN__DUPLICATE_METHOD_MATCH = YES;
				COPY_PHASE_STRIP = NO;
				DEBUG_INFORMATION_FORMAT = dwarf;
				ENABLE_STRICT_OBJC_MSGSEND = YES;
				ENABLE_TESTABILITY = YES;
				GCC_C_LANGUAGE_STANDARD = gnu11;
				GCC_DYNAMIC_NO_PIC = NO;
				GCC_NO_COMMON_BLOCKS = YES;
				GCC_OPTIMIZATION_LEVEL = 0;
				GCC_PREPROCESSOR_DEFINITIONS = (
					"DEBUG=1",
					"$(inherited)",
				);
				GCC_WARN_64_TO_32_BIT_CONVERSION = YES;
				GCC_WARN_ABOUT_RETURN_TYPE = YES_ERROR;
				GCC_WARN_UNDECLARED_SELECTOR = YES;
				GCC_WARN_UNINITIALIZED_AUTOS = YES_AGGRESSIVE;
				GCC_WARN_UNUSED_FUNCTION = YES;
				GCC_WARN_UNUSED_VARIABLE = YES;
				IPHONEOS_DEPLOYMENT_TARGET = 15.2;
				MTL_ENABLE_DEBUG_INFO = INCLUDE_SOURCE;
				MTL_FAST_MATH = YES;
				ONLY_ACTIVE_ARCH = YES;
				SDKROOT = iphoneos;
				SWIFT_ACTIVE_COMPILATION_CONDITIONS = DEBUG;
				SWIFT_OPTIMIZATION_LEVEL = "-Onone";
			};
			name = Debug;
		};
		CD67951127D282AF003B5C61 /* Release */ = {
			isa = XCBuildConfiguration;
			buildSettings = {
				ALWAYS_SEARCH_USER_PATHS = NO;
				CLANG_ANALYZER_NONNULL = YES;
				CLANG_ANALYZER_NUMBER_OBJECT_CONVERSION = YES_AGGRESSIVE;
				CLANG_CXX_LANGUAGE_STANDARD = "gnu++17";
				CLANG_CXX_LIBRARY = "libc++";
				CLANG_ENABLE_MODULES = YES;
				CLANG_ENABLE_OBJC_ARC = YES;
				CLANG_ENABLE_OBJC_WEAK = YES;
				CLANG_WARN_BLOCK_CAPTURE_AUTORELEASING = YES;
				CLANG_WARN_BOOL_CONVERSION = YES;
				CLANG_WARN_COMMA = YES;
				CLANG_WARN_CONSTANT_CONVERSION = YES;
				CLANG_WARN_DEPRECATED_OBJC_IMPLEMENTATIONS = YES;
				CLANG_WARN_DIRECT_OBJC_ISA_USAGE = YES_ERROR;
				CLANG_WARN_DOCUMENTATION_COMMENTS = YES;
				CLANG_WARN_EMPTY_BODY = YES;
				CLANG_WARN_ENUM_CONVERSION = YES;
				CLANG_WARN_INFINITE_RECURSION = YES;
				CLANG_WARN_INT_CONVERSION = YES;
				CLANG_WARN_NON_LITERAL_NULL_CONVERSION = YES;
				CLANG_WARN_OBJC_IMPLICIT_RETAIN_SELF = YES;
				CLANG_WARN_OBJC_LITERAL_CONVERSION = YES;
				CLANG_WARN_OBJC_ROOT_CLASS = YES_ERROR;
				CLANG_WARN_QUOTED_INCLUDE_IN_FRAMEWORK_HEADER = YES;
				CLANG_WARN_RANGE_LOOP_ANALYSIS = YES;
				CLANG_WARN_STRICT_PROTOTYPES = YES;
				CLANG_WARN_SUSPICIOUS_MOVE = YES;
				CLANG_WARN_UNGUARDED_AVAILABILITY = YES_AGGRESSIVE;
				CLANG_WARN_UNREACHABLE_CODE = YES;
				CLANG_WARN__DUPLICATE_METHOD_MATCH = YES;
				COPY_PHASE_STRIP = NO;
				DEBUG_INFORMATION_FORMAT = "dwarf-with-dsym";
				ENABLE_NS_ASSERTIONS = NO;
				ENABLE_STRICT_OBJC_MSGSEND = YES;
				GCC_C_LANGUAGE_STANDARD = gnu11;
				GCC_NO_COMMON_BLOCKS = YES;
				GCC_WARN_64_TO_32_BIT_CONVERSION = YES;
				GCC_WARN_ABOUT_RETURN_TYPE = YES_ERROR;
				GCC_WARN_UNDECLARED_SELECTOR = YES;
				GCC_WARN_UNINITIALIZED_AUTOS = YES_AGGRESSIVE;
				GCC_WARN_UNUSED_FUNCTION = YES;
				GCC_WARN_UNUSED_VARIABLE = YES;
				IPHONEOS_DEPLOYMENT_TARGET = 15.2;
				MTL_ENABLE_DEBUG_INFO = NO;
				MTL_FAST_MATH = YES;
				SDKROOT = iphoneos;
				SWIFT_COMPILATION_MODE = wholemodule;
				SWIFT_OPTIMIZATION_LEVEL = "-O";
				VALIDATE_PRODUCT = YES;
			};
			name = Release;
		};
		CD67951327D282AF003B5C61 /* Debug */ = {
			isa = XCBuildConfiguration;
			buildSettings = {
				ASSETCATALOG_COMPILER_APPICON_NAME = AppIcon;
				ASSETCATALOG_COMPILER_GLOBAL_ACCENT_COLOR_NAME = AccentColor;
				CODE_SIGN_STYLE = Automatic;
				CURRENT_PROJECT_VERSION = 1;
				DEVELOPMENT_TEAM = W5VQ56Z87Q;
				GENERATE_INFOPLIST_FILE = YES;
				INFOPLIST_FILE = "MVC-Coordinator/Info.plist";
				INFOPLIST_KEY_UIApplicationSupportsIndirectInputEvents = YES;
				INFOPLIST_KEY_UILaunchStoryboardName = LaunchScreen;
				INFOPLIST_KEY_UIMainStoryboardFile = Main;
				INFOPLIST_KEY_UISupportedInterfaceOrientations_iPad = "UIInterfaceOrientationPortrait UIInterfaceOrientationPortraitUpsideDown UIInterfaceOrientationLandscapeLeft UIInterfaceOrientationLandscapeRight";
				INFOPLIST_KEY_UISupportedInterfaceOrientations_iPhone = "UIInterfaceOrientationPortrait UIInterfaceOrientationLandscapeLeft UIInterfaceOrientationLandscapeRight";
				LD_RUNPATH_SEARCH_PATHS = (
					"$(inherited)",
					"@executable_path/Frameworks",
				);
				MARKETING_VERSION = 1.0;
				PRODUCT_BUNDLE_IDENTIFIER = "com.nimdog.mvc-coordinator";
				PRODUCT_NAME = "$(TARGET_NAME)";
				SWIFT_EMIT_LOC_STRINGS = YES;
				SWIFT_VERSION = 5.0;
				TARGETED_DEVICE_FAMILY = "1,2";
			};
			name = Debug;
		};
		CD67951427D282AF003B5C61 /* Release */ = {
			isa = XCBuildConfiguration;
			buildSettings = {
				ASSETCATALOG_COMPILER_APPICON_NAME = AppIcon;
				ASSETCATALOG_COMPILER_GLOBAL_ACCENT_COLOR_NAME = AccentColor;
				CODE_SIGN_STYLE = Automatic;
				CURRENT_PROJECT_VERSION = 1;
				DEVELOPMENT_TEAM = W5VQ56Z87Q;
				GENERATE_INFOPLIST_FILE = YES;
				INFOPLIST_FILE = "MVC-Coordinator/Info.plist";
				INFOPLIST_KEY_UIApplicationSupportsIndirectInputEvents = YES;
				INFOPLIST_KEY_UILaunchStoryboardName = LaunchScreen;
				INFOPLIST_KEY_UIMainStoryboardFile = Main;
				INFOPLIST_KEY_UISupportedInterfaceOrientations_iPad = "UIInterfaceOrientationPortrait UIInterfaceOrientationPortraitUpsideDown UIInterfaceOrientationLandscapeLeft UIInterfaceOrientationLandscapeRight";
				INFOPLIST_KEY_UISupportedInterfaceOrientations_iPhone = "UIInterfaceOrientationPortrait UIInterfaceOrientationLandscapeLeft UIInterfaceOrientationLandscapeRight";
				LD_RUNPATH_SEARCH_PATHS = (
					"$(inherited)",
					"@executable_path/Frameworks",
				);
				MARKETING_VERSION = 1.0;
				PRODUCT_BUNDLE_IDENTIFIER = "com.nimdog.mvc-coordinator";
				PRODUCT_NAME = "$(TARGET_NAME)";
				SWIFT_EMIT_LOC_STRINGS = YES;
				SWIFT_VERSION = 5.0;
				TARGETED_DEVICE_FAMILY = "1,2";
			};
			name = Release;
		};
/* End XCBuildConfiguration section */

/* Begin XCConfigurationList section */
		CD6794F927D282AD003B5C61 /* Build configuration list for PBXProject "MVC-Coordinator" */ = {
			isa = XCConfigurationList;
			buildConfigurations = (
				CD67951027D282AF003B5C61 /* Debug */,
				CD67951127D282AF003B5C61 /* Release */,
			);
			defaultConfigurationIsVisible = 0;
			defaultConfigurationName = Release;
		};
		CD67951227D282AF003B5C61 /* Build configuration list for PBXNativeTarget "MVC-Coordinator" */ = {
			isa = XCConfigurationList;
			buildConfigurations = (
				CD67951327D282AF003B5C61 /* Debug */,
				CD67951427D282AF003B5C61 /* Release */,
			);
			defaultConfigurationIsVisible = 0;
			defaultConfigurationName = Release;
		};
/* End XCConfigurationList section */
	};
	rootObject = CD6794F627D282AD003B5C61 /* Project object */;
}
